{
  "name": "wasm",
  "version": "1.0.0",
  "lockfileVersion": 1,
  "requires": true,
  "dependencies": {
    "@assemblyscript/loader": {
      "version": "0.14.9",
      "resolved": "https://registry.npm.taobao.org/@assemblyscript/loader/download/@assemblyscript/loader-0.14.9.tgz",
      "integrity": "sha1-eDGGRAx/h1pYmf2s9JyYj4npGDE="
    },
    "assemblyscript": {
      "version": "0.14.9",
      "resolved": "https://registry.npm.taobao.org/assemblyscript/download/assemblyscript-0.14.9.tgz",
      "integrity": "sha1-9zjCKOaNUsm18spA0WFMARi37qI=",
      "dev": true,
      "requires": {
        "binaryen": "95.0.0-nightly.20200813",
        "long": "^4.0.0"
      }
    },
    "binaryen": {
      "version": "95.0.0-nightly.20200813",
      "resolved": "https://registry.npm.taobao.org/binaryen/download/binaryen-95.0.0-nightly.20200813.tgz",
      "integrity": "sha1-yEszKnsG1KmiCWxXspw+iJEwvPs=",
      "dev": true
    },
    "long": {
      "version": "4.0.0",
      "resolved": "https://registry.npm.taobao.org/long/download/long-4.0.0.tgz",
      "integrity": "sha1-mntxz7fTYaGU6lVSQckvdGjVvyg=",
      "dev": true
    }
  }
}
